<?xml version="1.0" encoding="UTF-8" standalone="yes" ?>
<CodeBlocks_project_file>
	<FileVersion major="1" minor="6" />
	<Project>
		<Option title="solitarul" />
		<Option pch_mode="2" />
		<Option compiler="gcc" />
		<Build>
			<Target title="Debug">
				<Option output="bin/Debug/solitarul" prefix_auto="1" extension_auto="1" />
				<Option object_output="obj/Debug/" />
				<Option type="1" />
				<Option compiler="gcc" />
				<Compiler>
					<Add option="-g" />
				</Compiler>
			</Target>
			<Target title="Release">
				<Option output="bin/Release/solitarul" prefix_auto="1" extension_auto="1" />
				<Option object_output="obj/Release/" />
				<Option type="1" />
				<Option compiler="gcc" />
				<Compiler>
					<Add option="-O2" />
				</Compiler>
				<Linker>
					<Add option="-s" />
				</Linker>
			</Target>
		</Build>
		<Compiler>
			<Add option="-Wall" />
			<Add option="-fexceptions" />
		</Compiler>
		<Unit filename="actiuni.h" />
		<Unit filename="buton.h" />
		<Unit filename="casuta.h" />
		<Unit filename="constante.h" />
		<Unit filename="ecran.h" />
		<Unit filename="main.cpp" />
		<Unit filename="predefinite.h" />
		<Unit filename="structuriJoc.h" />
		<Unit filename="tabla.h" />
		<Unit filename="tablaInitiala.txt" />
		<Extensions />
	</Project>
</CodeBlocks_project_file>
